
Microsoft Visual Studio Solution File, Format Version 12.00
# Visual Studio Version 17
VisualStudioVersion = 17.10.35027.167
MinimumVisualStudioVersion = 10.0.40219.1
Project("{9A19103F-16F7-4668-BE54-9A1E7A4F7556}") = "InventoryPOC", "InventoryPOC\InventoryPOC.csproj", "{44316296-C5C5-4EB2-A253-8F1836F29864}"
EndProject
Project("{FAE04EC0-301F-11D3-BF4B-00C04F79EFBC}") = "Domain", "Domain\Domain\Domain.csproj", "{79F5BC94-642F-4836-AD76-EC5C8734EAFD}"
EndProject
Project("{FAE04EC0-301F-11D3-BF4B-00C04F79EFBC}") = "Application", "Application\Application\Application.csproj", "{64E0802A-7F0A-4E95-B05D-E4702638A78F}"
EndProject
Project("{FAE04EC0-301F-11D3-BF4B-00C04F79EFBC}") = "Infrastructure", "Infrastructure\Infrastructure\Infrastructure.csproj", "{DB76F845-0169-435D-AE5E-4E7677FDAAB8}"
EndProject
Project("{2150E333-8FDC-42A3-9474-1A3956D46DE8}") = "src", "src", "{00790667-B262-4B74-B9DA-EEDC0B1354CA}"
EndProject
Global
	GlobalSection(SolutionConfigurationPlatforms) = preSolution
		Debug|Any CPU = Debug|Any CPU
		Release|Any CPU = Release|Any CPU
	EndGlobalSection
	GlobalSection(ProjectConfigurationPlatforms) = postSolution
		{44316296-C5C5-4EB2-A253-8F1836F29864}.Debug|Any CPU.ActiveCfg = Debug|Any CPU
		{44316296-C5C5-4EB2-A253-8F1836F29864}.Debug|Any CPU.Build.0 = Debug|Any CPU
		{44316296-C5C5-4EB2-A253-8F1836F29864}.Release|Any CPU.ActiveCfg = Release|Any CPU
		{44316296-C5C5-4EB2-A253-8F1836F29864}.Release|Any CPU.Build.0 = Release|Any CPU
		{79F5BC94-642F-4836-AD76-EC5C8734EAFD}.Debug|Any CPU.ActiveCfg = Debug|Any CPU
		{79F5BC94-642F-4836-AD76-EC5C8734EAFD}.Debug|Any CPU.Build.0 = Debug|Any CPU
		{79F5BC94-642F-4836-AD76-EC5C8734EAFD}.Release|Any CPU.ActiveCfg = Release|Any CPU
		{79F5BC94-642F-4836-AD76-EC5C8734EAFD}.Release|Any CPU.Build.0 = Release|Any CPU
		{64E0802A-7F0A-4E95-B05D-E4702638A78F}.Debug|Any CPU.ActiveCfg = Debug|Any CPU
		{64E0802A-7F0A-4E95-B05D-E4702638A78F}.Debug|Any CPU.Build.0 = Debug|Any CPU
		{64E0802A-7F0A-4E95-B05D-E4702638A78F}.Release|Any CPU.ActiveCfg = Release|Any CPU
		{64E0802A-7F0A-4E95-B05D-E4702638A78F}.Release|Any CPU.Build.0 = Release|Any CPU
		{DB76F845-0169-435D-AE5E-4E7677FDAAB8}.Debug|Any CPU.ActiveCfg = Debug|Any CPU
		{DB76F845-0169-435D-AE5E-4E7677FDAAB8}.Debug|Any CPU.Build.0 = Debug|Any CPU
		{DB76F845-0169-435D-AE5E-4E7677FDAAB8}.Release|Any CPU.ActiveCfg = Release|Any CPU
		{DB76F845-0169-435D-AE5E-4E7677FDAAB8}.Release|Any CPU.Build.0 = Release|Any CPU
	EndGlobalSection
	GlobalSection(SolutionProperties) = preSolution
		HideSolutionNode = FALSE
	EndGlobalSection
	GlobalSection(NestedProjects) = preSolution
		{44316296-C5C5-4EB2-A253-8F1836F29864} = {00790667-B262-4B74-B9DA-EEDC0B1354CA}
		{79F5BC94-642F-4836-AD76-EC5C8734EAFD} = {00790667-B262-4B74-B9DA-EEDC0B1354CA}
		{64E0802A-7F0A-4E95-B05D-E4702638A78F} = {00790667-B262-4B74-B9DA-EEDC0B1354CA}
		{DB76F845-0169-435D-AE5E-4E7677FDAAB8} = {00790667-B262-4B74-B9DA-EEDC0B1354CA}
	EndGlobalSection
	GlobalSection(ExtensibilityGlobals) = postSolution
		SolutionGuid = {E62348F8-854C-4A13-AB34-E8A5AF268635}
	EndGlobalSection
EndGlobal
